
Microsoft Visual Studio Solution File, Format Version 12.00
# Visual Studio 2013
VisualStudioVersion = 12.0.40629.0
MinimumVisualStudioVersion = 10.0.40219.1
Project("{FAE04EC0-301F-11D3-BF4B-00C04F79EFBC}") = "DinerMax3000Console", "DinerMax3000Console\DinerMax3000Console.csproj", "{AACB29FA-C981-46DA-B86B-BD6A4EBDFC86}"
EndProject
Project("{FAE04EC0-301F-11D3-BF4B-00C04F79EFBC}") = "DinerMax3000BusinessLayer", "DinerMax3000BusinessLayer\DinerMax3000BusinessLayer.csproj", "{034AF54E-5F7F-47DF-AE05-10C4BDEAF112}"
EndProject
Global
	GlobalSection(SolutionConfigurationPlatforms) = preSolution
		Debug|Any CPU = Debug|Any CPU
		Release|Any CPU = Release|Any CPU
	EndGlobalSection
	GlobalSection(ProjectConfigurationPlatforms) = postSolution
		{AACB29FA-C981-46DA-B86B-BD6A4EBDFC86}.Debug|Any CPU.ActiveCfg = Debug|Any CPU
		{AACB29FA-C981-46DA-B86B-BD6A4EBDFC86}.Debug|Any CPU.Build.0 = Debug|Any CPU
		{AACB29FA-C981-46DA-B86B-BD6A4EBDFC86}.Release|Any CPU.ActiveCfg = Release|Any CPU
		{AACB29FA-C981-46DA-B86B-BD6A4EBDFC86}.Release|Any CPU.Build.0 = Release|Any CPU
		{034AF54E-5F7F-47DF-AE05-10C4BDEAF112}.Debug|Any CPU.ActiveCfg = Debug|Any CPU
		{034AF54E-5F7F-47DF-AE05-10C4BDEAF112}.Debug|Any CPU.Build.0 = Debug|Any CPU
		{034AF54E-5F7F-47DF-AE05-10C4BDEAF112}.Release|Any CPU.ActiveCfg = Release|Any CPU
		{034AF54E-5F7F-47DF-AE05-10C4BDEAF112}.Release|Any CPU.Build.0 = Release|Any CPU
	EndGlobalSection
	GlobalSection(SolutionProperties) = preSolution
		HideSolutionNode = FALSE
	EndGlobalSection
EndGlobal
